<?xml version="1.0"?>
<Project ToolsVersion="4.0" xmlns="http://schemas.microsoft.com/developer/msbuild/2003">
	<ItemGroup>
		<ClCompile Include="src\ofApp.cpp">
			<Filter>src</Filter>
		</ClCompile>
		<ClCompile Include="src\main.cpp">
			<Filter>src</Filter>
		</ClCompile>
		<ClCompile Include="src\main.cpp">
			<Filter>src</Filter>
		</ClCompile>
		<ClCompile Include="src\ofApp.cpp">
			<Filter>src</Filter>
		</ClCompile>
		<ClCompile Include="..\..\ExternalAddons\ofxTimeMeasurements\src\ofxTimeMeasurements.cpp">
			<Filter>local_addons\ofxTimeMeasurements\src</Filter>
		</ClCompile>
		<ClCompile Include="..\..\ExternalAddons\ofxAnimatable\src\ofxAnimatable.cpp">
			<Filter>local_addons\ofxAnimatable\src</Filter>
		</ClCompile>
		<ClCompile Include="..\..\ExternalAddons\ofxAnimatable\src\ofxAnimatableFloat.cpp">
			<Filter>local_addons\ofxAnimatable\src</Filter>
		</ClCompile>
		<ClCompile Include="..\..\ExternalAddons\ofxAnimatable\src\ofxAnimatableOfColor.cpp">
			<Filter>local_addons\ofxAnimatable\src</Filter>
		</ClCompile>
		<ClCompile Include="..\..\ExternalAddons\ofxAnimatable\src\ofxAnimatableOfPoint.cpp">
			<Filter>local_addons\ofxAnimatable\src</Filter>
		</ClCompile>
		<ClCompile Include="..\..\ExternalAddons\ofxAnimatable\src\ofxAnimatableQueue.cpp">
			<Filter>local_addons\ofxAnimatable\src</Filter>
		</ClCompile>
		<ClCompile Include="..\..\ExternalAddons\ofxFontStash\src\ofxFontStash.cpp">
			<Filter>local_addons\ofxFontStash\src</Filter>
		</ClCompile>
		<ClCompile Include="..\..\ExternalAddons\ofxFontStash\libs\fontstash\src\fontstash.c">
			<Filter>local_addons\ofxFontStash\libs\fontstash\src</Filter>
		</ClCompile>
		<ClCompile Include="..\..\ExternalAddons\ofxFontStash\libs\fontstash\src\stb_truetype.c">
			<Filter>local_addons\ofxFontStash\libs\fontstash\src</Filter>
		</ClCompile>
		<ClCompile Include="..\..\ExternalAddons\ofxScreenSetup\src\ofxScreenSetup.cpp">
			<Filter>local_addons\ofxScreenSetup\src</Filter>
		</ClCompile>
	</ItemGroup>
	<ItemGroup>
		<Filter Include="src">
			<UniqueIdentifier>{d8376475-7454-4a24-b08a-aac121d3ad6f}</UniqueIdentifier>
		</Filter>
		<Filter Include="local_addons">
			<UniqueIdentifier>{C415F1C7--C73-A-49-21-A-CC4-AB99A7A3E348}</UniqueIdentifier>
		</Filter>
		<Filter Include="local_addons\ofxTimeMeasurements">
			<UniqueIdentifier>{CA3EBED0--5E0-4-4D-53-9-CBA-3DBC25594392}</UniqueIdentifier>
		</Filter>
		<Filter Include="local_addons\ofxTimeMeasurements\src">
			<UniqueIdentifier>{BDB9B903--E4E-E-43-99-8-DB7-C8CCA08867EE}</UniqueIdentifier>
		</Filter>
		<Filter Include="local_addons\ofxAnimatable">
			<UniqueIdentifier>{B7C99955--0A6-9-4B-EC-A-AE8-2E6C4F8499A2}</UniqueIdentifier>
		</Filter>
		<Filter Include="local_addons\ofxAnimatable\src">
			<UniqueIdentifier>{21EF8BC2--70D-0-41-B9-9-749-DFF05A1E779B}</UniqueIdentifier>
		</Filter>
		<Filter Include="local_addons\ofxFontStash">
			<UniqueIdentifier>{524AB3CA--07B-B-4B-C8-9-2A6-A42C335812F2}</UniqueIdentifier>
		</Filter>
		<Filter Include="local_addons\ofxFontStash\src">
			<UniqueIdentifier>{3DEC09D0--AB2-4-42-26-B-F1E-440E45A63C1A}</UniqueIdentifier>
		</Filter>
		<Filter Include="local_addons\ofxFontStash\libs">
			<UniqueIdentifier>{5C81A6A1--B6D-C-43-7C-8-DBE-033A4D15E6F6}</UniqueIdentifier>
		</Filter>
		<Filter Include="local_addons\ofxFontStash\libs\fontstash">
			<UniqueIdentifier>{57338636--EF1-7-45-F7-9-7E7-8D284D58E295}</UniqueIdentifier>
		</Filter>
		<Filter Include="local_addons\ofxFontStash\libs\fontstash\src">
			<UniqueIdentifier>{B486144C--D0B-D-44-34-A-8FF-E8E842E9FEC3}</UniqueIdentifier>
		</Filter>
		<Filter Include="local_addons\ofxTuio">
			<UniqueIdentifier>{6410B9DC--95D-D-44-AB-8-4CE-855793648207}</UniqueIdentifier>
		</Filter>
		<Filter Include="local_addons\ofxTuio\src">
			<UniqueIdentifier>{F91CFBDF--195-C-40-46-9-061-6D69A3578C36}</UniqueIdentifier>
		</Filter>
		<Filter Include="local_addons\ofxScreenSetup">
			<UniqueIdentifier>{E3B5B361--33F-1-42-F8-A-CFD-617B51D29FCA}</UniqueIdentifier>
		</Filter>
		<Filter Include="local_addons\ofxScreenSetup\src">
			<UniqueIdentifier>{B97250DC--4D7-2-4B-03-A-28F-066216BFE9AE}</UniqueIdentifier>
		</Filter>
	</ItemGroup>
	<ItemGroup>
		<ClInclude Include="src\ofApp.h">
			<Filter>src</Filter>
		</ClInclude>
		<ClInclude Include="src\ofApp.h">
			<Filter>src</Filter>
		</ClInclude>
		<ClInclude Include="..\..\ExternalAddons\ofxTimeMeasurements\src\GL_Measurement.h">
			<Filter>local_addons\ofxTimeMeasurements\src</Filter>
		</ClInclude>
		<ClInclude Include="..\..\ExternalAddons\ofxTimeMeasurements\src\ofxTimeMeasurements.h">
			<Filter>local_addons\ofxTimeMeasurements\src</Filter>
		</ClInclude>
		<ClInclude Include="..\..\ExternalAddons\ofxTimeMeasurements\src\ofxTimeMeasurementsMacros.h">
			<Filter>local_addons\ofxTimeMeasurements\src</Filter>
		</ClInclude>
		<ClInclude Include="..\..\ExternalAddons\ofxTimeMeasurements\src\ofxTimeMeasurementsScoped.h">
			<Filter>local_addons\ofxTimeMeasurements\src</Filter>
		</ClInclude>
		<ClInclude Include="..\..\ExternalAddons\ofxAnimatable\src\ofxAnimatable.h">
			<Filter>local_addons\ofxAnimatable\src</Filter>
		</ClInclude>
		<ClInclude Include="..\..\ExternalAddons\ofxAnimatable\src\ofxAnimatableFloat.h">
			<Filter>local_addons\ofxAnimatable\src</Filter>
		</ClInclude>
		<ClInclude Include="..\..\ExternalAddons\ofxAnimatable\src\ofxAnimatableOfColor.h">
			<Filter>local_addons\ofxAnimatable\src</Filter>
		</ClInclude>
		<ClInclude Include="..\..\ExternalAddons\ofxAnimatable\src\ofxAnimatableOfPoint.h">
			<Filter>local_addons\ofxAnimatable\src</Filter>
		</ClInclude>
		<ClInclude Include="..\..\ExternalAddons\ofxAnimatable\src\ofxAnimatableQueue.h">
			<Filter>local_addons\ofxAnimatable\src</Filter>
		</ClInclude>
		<ClInclude Include="..\..\ExternalAddons\ofxFontStash\src\ofxFontStash.h">
			<Filter>local_addons\ofxFontStash\src</Filter>
		</ClInclude>
		<ClInclude Include="..\..\ExternalAddons\ofxFontStash\libs\fontstash\src\fontstash.h">
			<Filter>local_addons\ofxFontStash\libs\fontstash\src</Filter>
		</ClInclude>
		<ClInclude Include="..\..\ExternalAddons\ofxFontStash\libs\fontstash\src\stb_truetype.h">
			<Filter>local_addons\ofxFontStash\libs\fontstash\src</Filter>
		</ClInclude>
		<ClInclude Include="..\..\ExternalAddons\ofxTuio\src\ofxTuio.h">
			<Filter>local_addons\ofxTuio\src</Filter>
		</ClInclude>
		<ClInclude Include="..\..\ExternalAddons\ofxTuio\src\ofxTuioClient.h">
			<Filter>local_addons\ofxTuio\src</Filter>
		</ClInclude>
		<ClInclude Include="..\..\ExternalAddons\ofxTuio\src\ofxTuioContainer.h">
			<Filter>local_addons\ofxTuio\src</Filter>
		</ClInclude>
		<ClInclude Include="..\..\ExternalAddons\ofxTuio\src\ofxTuioCursor.h">
			<Filter>local_addons\ofxTuio\src</Filter>
		</ClInclude>
		<ClInclude Include="..\..\ExternalAddons\ofxTuio\src\ofxTuioObject.h">
			<Filter>local_addons\ofxTuio\src</Filter>
		</ClInclude>
		<ClInclude Include="..\..\ExternalAddons\ofxTuio\src\ofxTuioPoint.h">
			<Filter>local_addons\ofxTuio\src</Filter>
		</ClInclude>
		<ClInclude Include="..\..\ExternalAddons\ofxScreenSetup\src\ofxScreenSetup.h">
			<Filter>local_addons\ofxScreenSetup\src</Filter>
		</ClInclude>
	</ItemGroup>
	<ItemGroup>
		<ResourceCompile Include="icon.rc" />
	</ItemGroup>
</Project>
